
Microsoft Visual Studio Solution File, Format Version 12.00
# Visual Studio Version 17
VisualStudioVersion = 17.3.32819.101
MinimumVisualStudioVersion = 10.0.40219.1
Project("{9A19103F-16F7-4668-BE54-9A1E7A4F7556}") = "ExpertCities.Data", "ExpertCities.Data\ExpertCities.Data.csproj", "{56D4BBC1-090D-45A8-ADBF-FD051D268E5D}"
EndProject
Project("{9A19103F-16F7-4668-BE54-9A1E7A4F7556}") = "ExpertCities.Blazor", "ExpertCities.Blazor\ExpertCities.Blazor.csproj", "{17F89A85-FDA1-49BF-AA6D-EA945EAA68C4}"
EndProject
Global
	GlobalSection(SolutionConfigurationPlatforms) = preSolution
		Debug|Any CPU = Debug|Any CPU
		Release|Any CPU = Release|Any CPU
	EndGlobalSection
	GlobalSection(ProjectConfigurationPlatforms) = postSolution
		{56D4BBC1-090D-45A8-ADBF-FD051D268E5D}.Debug|Any CPU.ActiveCfg = Debug|Any CPU
		{56D4BBC1-090D-45A8-ADBF-FD051D268E5D}.Debug|Any CPU.Build.0 = Debug|Any CPU
		{56D4BBC1-090D-45A8-ADBF-FD051D268E5D}.Release|Any CPU.ActiveCfg = Release|Any CPU
		{56D4BBC1-090D-45A8-ADBF-FD051D268E5D}.Release|Any CPU.Build.0 = Release|Any CPU
		{17F89A85-FDA1-49BF-AA6D-EA945EAA68C4}.Debug|Any CPU.ActiveCfg = Debug|Any CPU
		{17F89A85-FDA1-49BF-AA6D-EA945EAA68C4}.Debug|Any CPU.Build.0 = Debug|Any CPU
		{17F89A85-FDA1-49BF-AA6D-EA945EAA68C4}.Release|Any CPU.ActiveCfg = Release|Any CPU
		{17F89A85-FDA1-49BF-AA6D-EA945EAA68C4}.Release|Any CPU.Build.0 = Release|Any CPU
	EndGlobalSection
	GlobalSection(SolutionProperties) = preSolution
		HideSolutionNode = FALSE
	EndGlobalSection
	GlobalSection(ExtensibilityGlobals) = postSolution
		SolutionGuid = {7C565163-7599-49DF-AFB0-7364D55CDFD6}
	EndGlobalSection
EndGlobal
